
Microsoft Visual Studio Solution File, Format Version 12.00
# Visual Studio Version 17
VisualStudioVersion = 17.3.32922.545
MinimumVisualStudioVersion = 10.0.40219.1
Project("{9A19103F-16F7-4668-BE54-9A1E7A4F7556}") = "KasosAparatoSistema", "KasosAparatoSistema\KasosAparatoSistema.csproj", "{B7DE54E4-16DD-4711-B56F-2E38E0022342}"
EndProject
Project("{FAE04EC0-301F-11D3-BF4B-00C04F79EFBC}") = "TestProject1", "TestProject1\TestProject1.csproj", "{BDBBEDF6-91B0-4C16-B9C5-2AC21B5B357D}"
EndProject
Global
	GlobalSection(SolutionConfigurationPlatforms) = preSolution
		Debug|Any CPU = Debug|Any CPU
		Release|Any CPU = Release|Any CPU
	EndGlobalSection
	GlobalSection(ProjectConfigurationPlatforms) = postSolution
		{B7DE54E4-16DD-4711-B56F-2E38E0022342}.Debug|Any CPU.ActiveCfg = Debug|Any CPU
		{B7DE54E4-16DD-4711-B56F-2E38E0022342}.Debug|Any CPU.Build.0 = Debug|Any CPU
		{B7DE54E4-16DD-4711-B56F-2E38E0022342}.Release|Any CPU.ActiveCfg = Release|Any CPU
		{B7DE54E4-16DD-4711-B56F-2E38E0022342}.Release|Any CPU.Build.0 = Release|Any CPU
		{BDBBEDF6-91B0-4C16-B9C5-2AC21B5B357D}.Debug|Any CPU.ActiveCfg = Debug|Any CPU
		{BDBBEDF6-91B0-4C16-B9C5-2AC21B5B357D}.Debug|Any CPU.Build.0 = Debug|Any CPU
		{BDBBEDF6-91B0-4C16-B9C5-2AC21B5B357D}.Release|Any CPU.ActiveCfg = Release|Any CPU
		{BDBBEDF6-91B0-4C16-B9C5-2AC21B5B357D}.Release|Any CPU.Build.0 = Release|Any CPU
	EndGlobalSection
	GlobalSection(SolutionProperties) = preSolution
		HideSolutionNode = FALSE
	EndGlobalSection
	GlobalSection(ExtensibilityGlobals) = postSolution
		SolutionGuid = {61B97DD9-6F1D-4E39-9571-D3430F04FC83}
	EndGlobalSection
EndGlobal
